
Microsoft Visual Studio Solution File, Format Version 12.00
# Visual Studio 15
VisualStudioVersion = 15.0.26730.8
MinimumVisualStudioVersion = 10.0.40219.1
Project("{FAE04EC0-301F-11D3-BF4B-00C04F79EFBC}") = "EncryptionGradedExPart3", "EncryptionGradedExPart3\EncryptionGradedExPart3.csproj", "{8CC73279-8DB2-4EBC-BEBC-75C9170877B8}"
EndProject
Global
	GlobalSection(SolutionConfigurationPlatforms) = preSolution
		Debug|Any CPU = Debug|Any CPU
		Release|Any CPU = Release|Any CPU
	EndGlobalSection
	GlobalSection(ProjectConfigurationPlatforms) = postSolution
		{8CC73279-8DB2-4EBC-BEBC-75C9170877B8}.Debug|Any CPU.ActiveCfg = Debug|Any CPU
		{8CC73279-8DB2-4EBC-BEBC-75C9170877B8}.Debug|Any CPU.Build.0 = Debug|Any CPU
		{8CC73279-8DB2-4EBC-BEBC-75C9170877B8}.Release|Any CPU.ActiveCfg = Release|Any CPU
		{8CC73279-8DB2-4EBC-BEBC-75C9170877B8}.Release|Any CPU.Build.0 = Release|Any CPU
	EndGlobalSection
	GlobalSection(SolutionProperties) = preSolution
		HideSolutionNode = FALSE
	EndGlobalSection
	GlobalSection(ExtensibilityGlobals) = postSolution
		SolutionGuid = {27DE6C4A-4C07-490F-B1A7-EEF14EFCCB50}
	EndGlobalSection
EndGlobal
