
Microsoft Visual Studio Solution File, Format Version 12.00
# Visual Studio 15
VisualStudioVersion = 15.0.26730.8
MinimumVisualStudioVersion = 10.0.40219.1
Project("{FAE04EC0-301F-11D3-BF4B-00C04F79EFBC}") = "ConsoleApp1", "ConsoleApp1\ConsoleApp1.csproj", "{DDA769DB-94DF-4582-A7AC-D03B340C680A}"
EndProject
Global
	GlobalSection(SolutionConfigurationPlatforms) = preSolution
		Debug|Any CPU = Debug|Any CPU
		Release|Any CPU = Release|Any CPU
	EndGlobalSection
	GlobalSection(ProjectConfigurationPlatforms) = postSolution
		{DDA769DB-94DF-4582-A7AC-D03B340C680A}.Debug|Any CPU.ActiveCfg = Debug|Any CPU
		{DDA769DB-94DF-4582-A7AC-D03B340C680A}.Debug|Any CPU.Build.0 = Debug|Any CPU
		{DDA769DB-94DF-4582-A7AC-D03B340C680A}.Release|Any CPU.ActiveCfg = Release|Any CPU
		{DDA769DB-94DF-4582-A7AC-D03B340C680A}.Release|Any CPU.Build.0 = Release|Any CPU
	EndGlobalSection
	GlobalSection(SolutionProperties) = preSolution
		HideSolutionNode = FALSE
	EndGlobalSection
	GlobalSection(ExtensibilityGlobals) = postSolution
		SolutionGuid = {7EB44889-71D5-4F3F-8FD2-908B785DCB76}
	EndGlobalSection
EndGlobal
