
Microsoft Visual Studio Solution File, Format Version 12.00
# Visual Studio 15
VisualStudioVersion = 15.0.26730.8
MinimumVisualStudioVersion = 10.0.40219.1
Project("{FAE04EC0-301F-11D3-BF4B-00C04F79EFBC}") = "object oriented programming", "object oriented programming\object oriented programming.csproj", "{C2F67E36-1F4E-42E8-89E7-B967E52C38E0}"
EndProject
Global
	GlobalSection(SolutionConfigurationPlatforms) = preSolution
		Debug|Any CPU = Debug|Any CPU
		Release|Any CPU = Release|Any CPU
	EndGlobalSection
	GlobalSection(ProjectConfigurationPlatforms) = postSolution
		{C2F67E36-1F4E-42E8-89E7-B967E52C38E0}.Debug|Any CPU.ActiveCfg = Debug|Any CPU
		{C2F67E36-1F4E-42E8-89E7-B967E52C38E0}.Debug|Any CPU.Build.0 = Debug|Any CPU
		{C2F67E36-1F4E-42E8-89E7-B967E52C38E0}.Release|Any CPU.ActiveCfg = Release|Any CPU
		{C2F67E36-1F4E-42E8-89E7-B967E52C38E0}.Release|Any CPU.Build.0 = Release|Any CPU
	EndGlobalSection
	GlobalSection(SolutionProperties) = preSolution
		HideSolutionNode = FALSE
	EndGlobalSection
	GlobalSection(ExtensibilityGlobals) = postSolution
		SolutionGuid = {3CDE8732-EA10-4246-9C32-7CC54D9AC920}
	EndGlobalSection
EndGlobal
